{"version":4,"terraform_version":"1.10.6","serial":150,"lineage":"7f8596ba-daa4-2cd2-4b4c-327507f4651b","outputs":{"autoscaler_status":{"value":"https://console.cloud.google.com/compute/autoscalers?project=cloudcomputingunsa","type":"string"},"instance_group_url":{"value":"https://console.cloud.google.com/compute/instanceGroups?project=cloudcomputingunsa","type":"string"},"load_balancer_ip":{"value":"34.54.14.17","type":"string"}},"resources":[{"mode":"managed","type":"google_compute_autoscaler","name":"web_autoscaler","provider":"provider[\"registry.opentofu.org/hashicorp/google\"]","instances":[{"schema_version":0,"attributes":{"autoscaling_policy":[{"cooldown_period":60,"cpu_utilization":[{"predictive_method":"NONE","target":0.6}],"load_balancing_utilization":[{"target":0.6}],"max_replicas":5,"metric":[],"min_replicas":2,"mode":"ON","scale_in_control":[],"scaling_schedules":[]}],"creation_timestamp":"2025-10-26T17:05:52.890-07:00","description":"","id":"projects/cloudcomputingunsa/zones/us-central1-a/autoscalers/web-autoscaler","name":"web-autoscaler","project":"cloudcomputingunsa","self_link":"https://www.googleapis.com/compute/v1/projects/cloudcomputingunsa/zones/us-central1-a/autoscalers/web-autoscaler","target":"https://www.googleapis.com/compute/v1/projects/cloudcomputingunsa/zones/us-central1-a/instanceGroupManagers/web-group-manager","timeouts":null,"zone":"us-central1-a"},"sensitive_attributes":[],"private":"eyJlMmJmYjczMC1lY2FhLTExZTYtOGY4OC0zNDM2M2JjN2M0YzAiOnsiY3JlYXRlIjoxMjAwMDAwMDAwMDAwLCJkZWxldGUiOjEyMDAwMDAwMDAwMDAsInVwZGF0ZSI6MTIwMDAwMDAwMDAwMH19","dependencies":["google_compute_health_check.autohealing","google_compute_instance_group_manager.web_group","google_compute_instance_template.web_template","google_compute_network.autoscale_network","google_compute_subnetwork.autoscale_subnet"]}]},{"mode":"managed","type":"google_compute_backend_service","name":"web_backend","provider":"provider[\"registry.opentofu.org/hashicorp/google\"]","instances":[{"schema_version":1,"attributes":{"affinity_cookie_ttl_sec":0,"backend":[{"balancing_mode":"UTILIZATION","capacity_scaler":1,"description":"","group":"https://www.googleapis.com/compute/v1/projects/cloudcomputingunsa/zones/us-central1-a/instanceGroups/web-group-manager","max_connections":0,"max_connections_per_endpoint":0,"max_connections_per_instance":0,"max_rate":0,"max_rate_per_endpoint":0,"max_rate_per_instance":0,"max_utilization":0.8}],"cdn_policy":[],"circuit_breakers":[],"compression_mode":"","connection_draining_timeout_sec":300,"consistent_hash":[],"creation_timestamp":"2025-10-26T17:05:52.199-07:00","custom_request_headers":null,"custom_response_headers":null,"description":"","edge_security_policy":"","enable_cdn":false,"fingerprint":"smGdnuYSuUg=","generated_id":5498281685014481295,"health_checks":["projects/cloudcomputingunsa/global/healthChecks/autohealing-health-check"],"iap":[],"id":"projects/cloudcomputingunsa/global/backendServices/web-backend-service","load_balancing_scheme":"EXTERNAL","locality_lb_policies":[],"locality_lb_policy":"","log_config":[{"enable":true,"sample_rate":1}],"name":"web-backend-service","outlier_detection":[],"port_name":"http","project":"cloudcomputingunsa","protocol":"HTTP","security_policy":"","security_settings":[],"self_link":"https://www.googleapis.com/compute/v1/projects/cloudcomputingunsa/global/backendServices/web-backend-service","service_lb_policy":"","session_affinity":"NONE","timeout_sec":30,"timeouts":null},"sensitive_attributes":[],"private":"eyJlMmJmYjczMC1lY2FhLTExZTYtOGY4OC0zNDM2M2JjN2M0YzAiOnsiY3JlYXRlIjoxMjAwMDAwMDAwMDAwLCJkZWxldGUiOjEyMDAwMDAwMDAwMDAsInVwZGF0ZSI6MTIwMDAwMDAwMDAwMH0sInNjaGVtYV92ZXJzaW9uIjoiMSJ9","dependencies":["google_compute_health_check.autohealing","google_compute_instance_group_manager.web_group","google_compute_instance_template.web_template","google_compute_network.autoscale_network","google_compute_subnetwork.autoscale_subnet"]}]},{"mode":"managed","type":"google_compute_firewall","name":"web","provider":"provider[\"registry.opentofu.org/hashicorp/google\"]","instances":[{"schema_version":1,"attributes":{"allow":[{"ports":["80","22"],"protocol":"tcp"}],"creation_timestamp":"2025-10-26T17:04:22.929-07:00","deny":[],"description":"","destination_ranges":[],"direction":"INGRESS","disabled":false,"enable_logging":null,"id":"projects/cloudcomputingunsa/global/firewalls/web-firewall","log_config":[],"name":"web-firewall","network":"https://www.googleapis.com/compute/v1/projects/cloudcomputingunsa/global/networks/autoscale-network","priority":1000,"project":"cloudcomputingunsa","self_link":"https://www.googleapis.com/compute/v1/projects/cloudcomputingunsa/global/firewalls/web-firewall","source_ranges":["0.0.0.0/0"],"source_service_accounts":null,"source_tags":null,"target_service_accounts":null,"target_tags":null,"timeouts":null},"sensitive_attributes":[],"private":"eyJlMmJmYjczMC1lY2FhLTExZTYtOGY4OC0zNDM2M2JjN2M0YzAiOnsiY3JlYXRlIjoxMjAwMDAwMDAwMDAwLCJkZWxldGUiOjEyMDAwMDAwMDAwMDAsInVwZGF0ZSI6MTIwMDAwMDAwMDAwMH0sInNjaGVtYV92ZXJzaW9uIjoiMSJ9","dependencies":["google_compute_network.autoscale_network"]}]},{"mode":"managed","type":"google_compute_global_forwarding_rule","name":"web_forwarding","provider":"provider[\"registry.opentofu.org/hashicorp/google\"]","instances":[{"schema_version":0,"attributes":{"base_forwarding_rule":"","description":"","effective_labels":{},"id":"projects/cloudcomputingunsa/global/forwardingRules/web-forwarding-rule","ip_address":"34.54.14.17","ip_protocol":"TCP","ip_version":"","label_fingerprint":"42WmSpB8rSM=","labels":null,"load_balancing_scheme":"EXTERNAL","metadata_filters":[],"name":"web-forwarding-rule","network":"","no_automate_dns_zone":null,"port_range":"80-80","project":"cloudcomputingunsa","psc_connection_id":"","psc_connection_status":"","self_link":"https://www.googleapis.com/compute/v1/projects/cloudcomputingunsa/global/forwardingRules/web-forwarding-rule","service_directory_registrations":[],"source_ip_ranges":null,"subnetwork":"","target":"https://www.googleapis.com/compute/v1/projects/cloudcomputingunsa/global/targetHttpProxies/web-proxy","terraform_labels":{},"timeouts":null},"sensitive_attributes":[],"private":"eyJlMmJmYjczMC1lY2FhLTExZTYtOGY4OC0zNDM2M2JjN2M0YzAiOnsiY3JlYXRlIjoxMjAwMDAwMDAwMDAwLCJkZWxldGUiOjEyMDAwMDAwMDAwMDAsInVwZGF0ZSI6MTIwMDAwMDAwMDAwMH19","dependencies":["google_compute_backend_service.web_backend","google_compute_health_check.autohealing","google_compute_instance_group_manager.web_group","google_compute_instance_template.web_template","google_compute_network.autoscale_network","google_compute_subnetwork.autoscale_subnet","google_compute_target_http_proxy.web_proxy","google_compute_url_map.web_url_map"]}]},{"mode":"managed","type":"google_compute_health_check","name":"autohealing","provider":"provider[\"registry.opentofu.org/hashicorp/google\"]","instances":[{"schema_version":0,"attributes":{"check_interval_sec":5,"creation_timestamp":"2025-10-26T17:04:11.302-07:00","description":"","grpc_health_check":[],"healthy_threshold":2,"http2_health_check":[],"http_health_check":[{"host":"","port":80,"port_name":"","port_specification":"","proxy_header":"NONE","request_path":"/","response":""}],"https_health_check":[],"id":"projects/cloudcomputingunsa/global/healthChecks/autohealing-health-check","log_config":[{"enable":false}],"name":"autohealing-health-check","project":"cloudcomputingunsa","self_link":"https://www.googleapis.com/compute/v1/projects/cloudcomputingunsa/global/healthChecks/autohealing-health-check","source_regions":null,"ssl_health_check":[],"tcp_health_check":[],"timeout_sec":5,"timeouts":null,"type":"HTTP","unhealthy_threshold":3},"sensitive_attributes":[],"private":"eyJlMmJmYjczMC1lY2FhLTExZTYtOGY4OC0zNDM2M2JjN2M0YzAiOnsiY3JlYXRlIjoxMjAwMDAwMDAwMDAwLCJkZWxldGUiOjEyMDAwMDAwMDAwMDAsInVwZGF0ZSI6MTIwMDAwMDAwMDAwMH19"}]},{"mode":"managed","type":"google_compute_instance_group_manager","name":"web_group","provider":"provider[\"registry.opentofu.org/hashicorp/google\"]","instances":[{"schema_version":0,"attributes":{"all_instances_config":[],"auto_healing_policies":[{"health_check":"https://www.googleapis.com/compute/v1/projects/cloudcomputingunsa/global/healthChecks/autohealing-health-check","initial_delay_sec":300}],"base_instance_name":"web-instance","creation_timestamp":"2025-10-26T17:04:42.920-07:00","description":"","fingerprint":"Ylzt-Z6PPko=","id":"projects/cloudcomputingunsa/zones/us-central1-a/instanceGroupManagers/web-group-manager","instance_group":"https://www.googleapis.com/compute/v1/projects/cloudcomputingunsa/zones/us-central1-a/instanceGroups/web-group-manager","instance_lifecycle_policy":[{"default_action_on_failure":"REPAIR","force_update_on_repair":"NO"}],"list_managed_instances_results":"PAGELESS","name":"web-group-manager","named_port":[{"name":"http","port":80}],"operation":null,"project":"cloudcomputingunsa","self_link":"https://www.googleapis.com/compute/v1/projects/cloudcomputingunsa/zones/us-central1-a/instanceGroupManagers/web-group-manager","stateful_disk":[],"stateful_external_ip":[],"stateful_internal_ip":[],"status":[{"all_instances_config":[{"current_revision":"","effective":true}],"is_stable":false,"stateful":[{"has_stateful_config":false,"per_instance_configs":[{"all_effective":true}]}],"version_target":[{"is_reached":true}]}],"target_pools":null,"target_size":2,"timeouts":null,"update_policy":[{"max_surge_fixed":1,"max_surge_percent":0,"max_unavailable_fixed":1,"max_unavailable_percent":0,"minimal_action":"REPLACE","most_disruptive_allowed_action":"","replacement_method":"SUBSTITUTE","type":"OPPORTUNISTIC"}],"version":[{"instance_template":"https://www.googleapis.com/compute/v1/projects/cloudcomputingunsa/global/instanceTemplates/web-template-20251027000438515900000001","name":"primary","target_size":[]}],"wait_for_instances":false,"wait_for_instances_status":"STABLE","zone":"us-central1-a"},"sensitive_attributes":[],"private":"eyJlMmJmYjczMC1lY2FhLTExZTYtOGY4OC0zNDM2M2JjN2M0YzAiOnsiY3JlYXRlIjo5MDAwMDAwMDAwMDAsImRlbGV0ZSI6OTAwMDAwMDAwMDAwLCJ1cGRhdGUiOjkwMDAwMDAwMDAwMH19","dependencies":["google_compute_health_check.autohealing","google_compute_instance_template.web_template","google_compute_network.autoscale_network","google_compute_subnetwork.autoscale_subnet"]}]},{"mode":"managed","type":"google_compute_instance_template","name":"web_template","provider":"provider[\"registry.opentofu.org/hashicorp/google\"]","instances":[{"schema_version":1,"attributes":{"advanced_machine_features":[],"can_ip_forward":false,"confidential_instance_config":null,"description":"","disk":[{"auto_delete":true,"boot":true,"device_name":"persistent-disk-0","disk_encryption_key":[],"disk_name":"","disk_size_gb":0,"disk_type":"pd-standard","interface":"SCSI","labels":null,"mode":"READ_WRITE","provisioned_iops":0,"resource_manager_tags":null,"resource_policies":null,"source":"","source_image":"projects/ubuntu-os-cloud/global/images/family/ubuntu-2204-lts","source_image_encryption_key":[],"source_snapshot":"","source_snapshot_encryption_key":[],"type":"PERSISTENT"}],"effective_labels":{},"guest_accelerator":[],"id":"projects/cloudcomputingunsa/global/instanceTemplates/web-template-20251027000438515900000001","instance_description":"","labels":null,"machine_type":"e2-micro","metadata":{"enable-oslogin":"TRUE"},"metadata_fingerprint":"utVLV0PDOe0=","metadata_startup_script":"#!/bin/bash\napt-get update -y\napt-get install -y nginx stress-ng curl\n\n# Configurar nginx\nsystemctl enable nginx\nsystemctl start nginx\n\n# Página web inicial\nmkdir -p /var/www/html\ncat \u003c\u003c'EOLA' \u003e /var/www/html/index.html\n\u003c!DOCTYPE html\u003e\n\u003chtml\u003e\n\u003chead\u003e\n  \u003ctitle\u003eAutoscaling Demo - GCP\u003c/title\u003e\n  \u003cstyle\u003e\n    body { font-family: Arial, sans-serif; margin: 40px; }\n    .info { background: #f0f0f0; padding: 20px; border-radius: 5px; }\n    .load { color: red; font-weight: bold; }\n  \u003c/style\u003e\n\u003c/head\u003e\n\u003cbody\u003e\n  \u003ch1\u003eAutoscaling Demo - GCP\u003c/h1\u003e\n  \u003cdiv class=\"info\"\u003e\n    \u003ch2\u003eInstance: $(hostname)\u003c/h2\u003e\n    \u003cp\u003e\u003cstrong\u003eZone:\u003c/strong\u003e $(curl -s -H \"Metadata-Flavor: Google\" http://metadata.google.internal/computeMetadata/v1/instance/zone | awk -F/ '{print $4}')\u003c/p\u003e\n    \u003cp\u003e\u003cstrong\u003eInternal IP:\u003c/strong\u003e $(hostname -I | awk '{print $1}')\u003c/p\u003e\n    \u003cp\u003e\u003cstrong\u003eCPU Load:\u003c/strong\u003e \u003cspan class=\"load\" id=\"load\"\u003e0%\u003c/span\u003e\u003c/p\u003e\n    \u003cp\u003e\u003cstrong\u003eUptime:\u003c/strong\u003e \u003cspan id=\"uptime\"\u003e0s\u003c/span\u003e\u003c/p\u003e\n  \u003c/div\u003e\n  \u003chr\u003e\n  \u003ch3\u003eMetricas de Autoscaling\u003c/h3\u003e\n  \u003cp\u003eEsta demo genera carga automática cada 3 minutos\u003c/p\u003e\n  \u003cp\u003eLas instancias se escalan cuando CPU \u003e 60%\u003c/p\u003e\n\u003c/body\u003e\n\u003c/html\u003e\nEOLA\n\n# Script de carga periódica\ncat \u003c\u003c'EOLB' \u003e /usr/local/bin/auto-load.sh\n#!/bin/bash\necho \"$(date): Generando carga de CPU por 60 segundos...\"\nstress-ng --cpu 2 --timeout 60\necho \"$(date): Carga completada. Script finalizado.\"\nEOLB\nchmod +x /usr/local/bin/auto-load.sh\n\n# Script de actualización de métricas\ncat \u003c\u003c'EOLC' \u003e /usr/local/bin/update-metrics.sh\n#!/bin/bash\nwhile true; do\n  CPU_LOAD=$(top -bn1 | grep \"Cpu(s)\" | awk '{print $2}')\n  UPTIME=$(uptime -p)\n  sed -i \"s/id=\\\"load\\\"\u003e[^\u003c]*\u003c/id=\\\"load\\\"\u003e${CPU_LOAD}%\u003c/\" /var/www/html/index.html\n  sed -i \"s/id=\\\"uptime\\\"\u003e[^\u003c]*\u003c/id=\\\"uptime\\\"\u003e${UPTIME}\u003c/\" /var/www/html/index.html\n  sleep 5\ndone\nEOLC\nchmod +x /usr/local/bin/update-metrics.sh\n\n# Ejecutar ambos scripts en segundo plano\nnohup /usr/local/bin/auto-load.sh \u003e /var/log/auto-load.log 2\u003e\u00261 \u0026\nnohup /usr/local/bin/update-metrics.sh \u003e /var/log/metrics.log 2\u003e\u00261 \u0026\n","min_cpu_platform":"","name":"web-template-20251027000438515900000001","name_prefix":"web-template-","network_interface":[{"access_config":[{"nat_ip":"","network_tier":"PREMIUM","public_ptr_domain_name":""}],"alias_ip_range":[],"internal_ipv6_prefix_length":0,"ipv6_access_config":[],"ipv6_access_type":"","ipv6_address":"","name":"nic0","network":"https://www.googleapis.com/compute/v1/projects/cloudcomputingunsa/global/networks/autoscale-network","network_ip":"","nic_type":"","queue_count":0,"stack_type":"","subnetwork":"https://www.googleapis.com/compute/v1/projects/cloudcomputingunsa/regions/us-central1/subnetworks/autoscale-subnet","subnetwork_project":"cloudcomputingunsa"}],"network_performance_config":[],"project":"cloudcomputingunsa","region":"us-central1","reservation_affinity":[],"resource_manager_tags":null,"resource_policies":null,"scheduling":[{"automatic_restart":true,"instance_termination_action":"","local_ssd_recovery_timeout":[],"max_run_duration":[],"min_node_cpus":0,"node_affinities":[],"on_host_maintenance":"MIGRATE","on_instance_stop_action":[],"preemptible":false,"provisioning_model":"STANDARD"}],"self_link":"https://www.googleapis.com/compute/v1/projects/cloudcomputingunsa/global/instanceTemplates/web-template-20251027000438515900000001","self_link_unique":"https://www.googleapis.com/compute/v1/projects/cloudcomputingunsa/global/instanceTemplates/web-template-20251027000438515900000001?uniqueId=7616948919956867577","service_account":[],"shielded_instance_config":[],"tags":["http-server"],"tags_fingerprint":"","terraform_labels":{},"timeouts":null},"sensitive_attributes":[],"private":"eyJlMmJmYjczMC1lY2FhLTExZTYtOGY4OC0zNDM2M2JjN2M0YzAiOnsiY3JlYXRlIjoyNDAwMDAwMDAwMDAsImRlbGV0ZSI6MjQwMDAwMDAwMDAwfSwic2NoZW1hX3ZlcnNpb24iOiIxIn0=","dependencies":["google_compute_network.autoscale_network","google_compute_subnetwork.autoscale_subnet"],"create_before_destroy":true}]},{"mode":"managed","type":"google_compute_network","name":"autoscale_network","provider":"provider[\"registry.opentofu.org/hashicorp/google\"]","instances":[{"schema_version":0,"attributes":{"auto_create_subnetworks":false,"delete_default_routes_on_create":false,"description":"","enable_ula_internal_ipv6":false,"gateway_ipv4":"","id":"projects/cloudcomputingunsa/global/networks/autoscale-network","internal_ipv6_range":"","mtu":0,"name":"autoscale-network","network_firewall_policy_enforcement_order":"AFTER_CLASSIC_FIREWALL","numeric_id":"3911969788075902996","project":"cloudcomputingunsa","routing_mode":"REGIONAL","self_link":"https://www.googleapis.com/compute/v1/projects/cloudcomputingunsa/global/networks/autoscale-network","timeouts":null},"sensitive_attributes":[],"private":"eyJlMmJmYjczMC1lY2FhLTExZTYtOGY4OC0zNDM2M2JjN2M0YzAiOnsiY3JlYXRlIjoxMjAwMDAwMDAwMDAwLCJkZWxldGUiOjEyMDAwMDAwMDAwMDAsInVwZGF0ZSI6MTIwMDAwMDAwMDAwMH19","create_before_destroy":true}]},{"mode":"managed","type":"google_compute_subnetwork","name":"autoscale_subnet","provider":"provider[\"registry.opentofu.org/hashicorp/google\"]","instances":[{"schema_version":0,"attributes":{"creation_timestamp":"2025-10-26T17:04:23.010-07:00","description":"","external_ipv6_prefix":"","fingerprint":null,"gateway_address":"10.0.1.1","id":"projects/cloudcomputingunsa/regions/us-central1/subnetworks/autoscale-subnet","internal_ipv6_prefix":"","ip_cidr_range":"10.0.1.0/24","ipv6_access_type":"","ipv6_cidr_range":"","log_config":[],"name":"autoscale-subnet","network":"https://www.googleapis.com/compute/v1/projects/cloudcomputingunsa/global/networks/autoscale-network","private_ip_google_access":false,"private_ipv6_google_access":"DISABLE_GOOGLE_ACCESS","project":"cloudcomputingunsa","purpose":"PRIVATE","region":"us-central1","role":"","secondary_ip_range":[],"self_link":"https://www.googleapis.com/compute/v1/projects/cloudcomputingunsa/regions/us-central1/subnetworks/autoscale-subnet","send_secondary_ip_range_if_empty":null,"stack_type":"IPV4_ONLY","timeouts":null},"sensitive_attributes":[],"private":"eyJlMmJmYjczMC1lY2FhLTExZTYtOGY4OC0zNDM2M2JjN2M0YzAiOnsiY3JlYXRlIjoxMjAwMDAwMDAwMDAwLCJkZWxldGUiOjEyMDAwMDAwMDAwMDAsInVwZGF0ZSI6MTIwMDAwMDAwMDAwMH19","dependencies":["google_compute_network.autoscale_network"],"create_before_destroy":true}]},{"mode":"managed","type":"google_compute_target_http_proxy","name":"web_proxy","provider":"provider[\"registry.opentofu.org/hashicorp/google\"]","instances":[{"schema_version":0,"attributes":{"creation_timestamp":"2025-10-26T17:06:50.146-07:00","description":"","http_keep_alive_timeout_sec":0,"id":"projects/cloudcomputingunsa/global/targetHttpProxies/web-proxy","name":"web-proxy","project":"cloudcomputingunsa","proxy_bind":false,"proxy_id":7490754276765141365,"self_link":"https://www.googleapis.com/compute/v1/projects/cloudcomputingunsa/global/targetHttpProxies/web-proxy","timeouts":null,"url_map":"https://www.googleapis.com/compute/v1/projects/cloudcomputingunsa/global/urlMaps/web-url-map"},"sensitive_attributes":[],"private":"eyJlMmJmYjczMC1lY2FhLTExZTYtOGY4OC0zNDM2M2JjN2M0YzAiOnsiY3JlYXRlIjoxMjAwMDAwMDAwMDAwLCJkZWxldGUiOjEyMDAwMDAwMDAwMDAsInVwZGF0ZSI6MTIwMDAwMDAwMDAwMH19","dependencies":["google_compute_backend_service.web_backend","google_compute_health_check.autohealing","google_compute_instance_group_manager.web_group","google_compute_instance_template.web_template","google_compute_network.autoscale_network","google_compute_subnetwork.autoscale_subnet","google_compute_url_map.web_url_map"]}]},{"mode":"managed","type":"google_compute_url_map","name":"web_url_map","provider":"provider[\"registry.opentofu.org/hashicorp/google\"]","instances":[{"schema_version":0,"attributes":{"creation_timestamp":"2025-10-26T17:06:37.295-07:00","default_route_action":[],"default_service":"https://www.googleapis.com/compute/v1/projects/cloudcomputingunsa/global/backendServices/web-backend-service","default_url_redirect":[],"description":"","fingerprint":"tnMeQAcbDEE=","header_action":[],"host_rule":[],"id":"projects/cloudcomputingunsa/global/urlMaps/web-url-map","map_id":848327585289144674,"name":"web-url-map","path_matcher":[],"project":"cloudcomputingunsa","self_link":"https://www.googleapis.com/compute/v1/projects/cloudcomputingunsa/global/urlMaps/web-url-map","test":[],"timeouts":null},"sensitive_attributes":[],"private":"eyJlMmJmYjczMC1lY2FhLTExZTYtOGY4OC0zNDM2M2JjN2M0YzAiOnsiY3JlYXRlIjoxMjAwMDAwMDAwMDAwLCJkZWxldGUiOjEyMDAwMDAwMDAwMDAsInVwZGF0ZSI6MTIwMDAwMDAwMDAwMH19","dependencies":["google_compute_backend_service.web_backend","google_compute_health_check.autohealing","google_compute_instance_group_manager.web_group","google_compute_instance_template.web_template","google_compute_network.autoscale_network","google_compute_subnetwork.autoscale_subnet"]}]}],"check_results":null}
